
Microsoft Visual Studio Solution File, Format Version 12.00
# Visual Studio Version 17
VisualStudioVersion = 17.4.33213.308
MinimumVisualStudioVersion = 10.0.40219.1
Project("{9A19103F-16F7-4668-BE54-9A1E7A4F7556}") = "Mojito", "Mojito\Mojito.csproj", "{0AE6E349-68B8-488B-AD0F-A5DA56C81C33}"
EndProject
Project("{9A19103F-16F7-4668-BE54-9A1E7A4F7556}") = "Mojito.Test", "Mojito.Test\Mojito.Test.csproj", "{BBA59C9F-F938-4C30-9459-04CCBBE5B942}"
EndProject
Project("{9A19103F-16F7-4668-BE54-9A1E7A4F7556}") = "Mojito.SimpleLogging", "Mojito.SimpleLogging\Mojito.SimpleLogging.csproj", "{1E13A427-99B7-4FD9-99B9-85A79B785DAF}"
EndProject
Project("{9A19103F-16F7-4668-BE54-9A1E7A4F7556}") = "Mojito.SimpleLogging.Test", "Mojito.SimpleLogging.Test\Mojito.SimpleLogging.Test.csproj", "{445EBBBD-9D02-41EA-B7C7-FDB123271517}"
EndProject
Project("{FAE04EC0-301F-11D3-BF4B-00C04F79EFBC}") = "Mojito.PsUtil", "Mojito.PsUtil\Mojito.PsUtil.csproj", "{7B9A3594-540D-417A-8267-09D3E2C7D645}"
EndProject
Project("{FAE04EC0-301F-11D3-BF4B-00C04F79EFBC}") = "Mojito.PsUtil.Test", "Mojito.PsUtil.Test\Mojito.PsUtil.Test.csproj", "{9FEFBE9C-CCA2-4C83-9AA7-979B7FE281F4}"
EndProject
Global
	GlobalSection(SolutionConfigurationPlatforms) = preSolution
		Debug|Any CPU = Debug|Any CPU
		Release|Any CPU = Release|Any CPU
	EndGlobalSection
	GlobalSection(ProjectConfigurationPlatforms) = postSolution
		{0AE6E349-68B8-488B-AD0F-A5DA56C81C33}.Debug|Any CPU.ActiveCfg = Debug|Any CPU
		{0AE6E349-68B8-488B-AD0F-A5DA56C81C33}.Debug|Any CPU.Build.0 = Debug|Any CPU
		{0AE6E349-68B8-488B-AD0F-A5DA56C81C33}.Release|Any CPU.ActiveCfg = Release|Any CPU
		{0AE6E349-68B8-488B-AD0F-A5DA56C81C33}.Release|Any CPU.Build.0 = Release|Any CPU
		{BBA59C9F-F938-4C30-9459-04CCBBE5B942}.Debug|Any CPU.ActiveCfg = Debug|Any CPU
		{BBA59C9F-F938-4C30-9459-04CCBBE5B942}.Debug|Any CPU.Build.0 = Debug|Any CPU
		{BBA59C9F-F938-4C30-9459-04CCBBE5B942}.Release|Any CPU.ActiveCfg = Release|Any CPU
		{BBA59C9F-F938-4C30-9459-04CCBBE5B942}.Release|Any CPU.Build.0 = Release|Any CPU
		{1E13A427-99B7-4FD9-99B9-85A79B785DAF}.Debug|Any CPU.ActiveCfg = Debug|Any CPU
		{1E13A427-99B7-4FD9-99B9-85A79B785DAF}.Debug|Any CPU.Build.0 = Debug|Any CPU
		{1E13A427-99B7-4FD9-99B9-85A79B785DAF}.Release|Any CPU.ActiveCfg = Release|Any CPU
		{1E13A427-99B7-4FD9-99B9-85A79B785DAF}.Release|Any CPU.Build.0 = Release|Any CPU
		{445EBBBD-9D02-41EA-B7C7-FDB123271517}.Debug|Any CPU.ActiveCfg = Debug|Any CPU
		{445EBBBD-9D02-41EA-B7C7-FDB123271517}.Debug|Any CPU.Build.0 = Debug|Any CPU
		{445EBBBD-9D02-41EA-B7C7-FDB123271517}.Release|Any CPU.ActiveCfg = Release|Any CPU
		{445EBBBD-9D02-41EA-B7C7-FDB123271517}.Release|Any CPU.Build.0 = Release|Any CPU
		{7B9A3594-540D-417A-8267-09D3E2C7D645}.Debug|Any CPU.ActiveCfg = Debug|Any CPU
		{7B9A3594-540D-417A-8267-09D3E2C7D645}.Debug|Any CPU.Build.0 = Debug|Any CPU
		{7B9A3594-540D-417A-8267-09D3E2C7D645}.Release|Any CPU.ActiveCfg = Release|Any CPU
		{7B9A3594-540D-417A-8267-09D3E2C7D645}.Release|Any CPU.Build.0 = Release|Any CPU
		{9FEFBE9C-CCA2-4C83-9AA7-979B7FE281F4}.Debug|Any CPU.ActiveCfg = Debug|Any CPU
		{9FEFBE9C-CCA2-4C83-9AA7-979B7FE281F4}.Debug|Any CPU.Build.0 = Debug|Any CPU
		{9FEFBE9C-CCA2-4C83-9AA7-979B7FE281F4}.Release|Any CPU.ActiveCfg = Release|Any CPU
		{9FEFBE9C-CCA2-4C83-9AA7-979B7FE281F4}.Release|Any CPU.Build.0 = Release|Any CPU
	EndGlobalSection
	GlobalSection(SolutionProperties) = preSolution
		HideSolutionNode = FALSE
	EndGlobalSection
	GlobalSection(ExtensibilityGlobals) = postSolution
		SolutionGuid = {C8F14D40-E169-4D60-BBBB-12CF9D643AA9}
	EndGlobalSection
EndGlobal
